{
  "name": "obsidian-community-list",
  "version": "1.0.0",
  "lockfileVersion": 2,
  "requires": true,
  "packages": {
    "": {
      "name": "obsidian-community-list",
      "version": "1.0.0",
      "license": "MIT",
      "dependencies": {
        "json2md": "^1.11.0",
        "merge-files": "^0.1.2",
        "node-fetch": "^2.6.1"
      }
    },
    "node_modules/core-util-is": {
      "version": "1.0.2",
      "resolved": "https://registry.npmjs.org/core-util-is/-/core-util-is-1.0.2.tgz",
      "integrity": "sha1-tf1UIgqivFq1eqtxQMlAdUUDwac="
    },
    "node_modules/indento": {
      "version": "1.1.13",
      "resolved": "https://registry.npmjs.org/indento/-/indento-1.1.13.tgz",
      "integrity": "sha512-YZWk3mreBEM7sBPddsiQnW9Z8SGg/gNpFfscJq00HCDS7pxcQWWWMSVKJU7YkTRyDu1Zv2s8zaK8gQWKmCXHlg=="
    },
    "node_modules/inherits": {
      "version": "2.0.4",
      "resolved": "https://registry.npmjs.org/inherits/-/inherits-2.0.4.tgz",
      "integrity": "sha512-k/vGaX4/Yla3WzyMCvTQOXYeIHvqOKtnqBduzTHpzpQZzAskKMhZ2K+EnBiSM9zGSoIFeMpXKxa4dYeZIQqewQ=="
    },
    "node_modules/isarray": {
      "version": "1.0.0",
      "resolved": "https://registry.npmjs.org/isarray/-/isarray-1.0.0.tgz",
      "integrity": "sha1-u5NdSFgsuhaMBoNJV6VKPgcSTxE="
    },
    "node_modules/json2md": {
      "version": "1.11.0",
      "resolved": "https://registry.npmjs.org/json2md/-/json2md-1.11.0.tgz",
      "integrity": "sha512-RhmW8ZpnEHxLaRJ9r9FeOYZys4p0j9OYMgkrkaJiO4Kgus2IWG/iTPTApwiiw7tLtyYj9cpztwmNYkAH0BtYDQ==",
      "dependencies": {
        "indento": "^1.1.7"
      }
    },
    "node_modules/merge-files": {
      "version": "0.1.2",
      "resolved": "https://registry.npmjs.org/merge-files/-/merge-files-0.1.2.tgz",
      "integrity": "sha512-WTvtH6ZwVy1/scvp1M+Re6PVni87QTjpSLAwxh0L+PlYIxc4VGFFpLjvP7jdJ43gaJ5n+RUIriJ6wKqmqvVVmg==",
      "dependencies": {
        "multistream": "^2.1.0"
      }
    },
    "node_modules/multistream": {
      "version": "2.1.1",
      "resolved": "https://registry.npmjs.org/multistream/-/multistream-2.1.1.tgz",
      "integrity": "sha512-xasv76hl6nr1dEy3lPvy7Ej7K/Lx3O/FCvwge8PeVJpciPPoNCbaANcNiBug3IpdvTveZUcAV0DJzdnUDMesNQ==",
      "dependencies": {
        "inherits": "^2.0.1",
        "readable-stream": "^2.0.5"
      }
    },
    "node_modules/node-fetch": {
      "version": "2.6.1",
      "resolved": "https://registry.npmjs.org/node-fetch/-/node-fetch-2.6.1.tgz",
      "integrity": "sha512-V4aYg89jEoVRxRb2fJdAg8FHvI7cEyYdVAh94HH0UIK8oJxUfkjlDQN9RbMx+bEjP7+ggMiFRprSti032Oipxw==",
      "engines": {
        "node": "4.x || >=6.0.0"
      }
    },
    "node_modules/process-nextick-args": {
      "version": "2.0.1",
      "resolved": "https://registry.npmjs.org/process-nextick-args/-/process-nextick-args-2.0.1.tgz",
      "integrity": "sha512-3ouUOpQhtgrbOa17J7+uxOTpITYWaGP7/AhoR3+A+/1e9skrzelGi/dXzEYyvbxubEF6Wn2ypscTKiKJFFn1ag=="
    },
    "node_modules/readable-stream": {
      "version": "2.3.7",
      "resolved": "https://registry.npmjs.org/readable-stream/-/readable-stream-2.3.7.tgz",
      "integrity": "sha512-Ebho8K4jIbHAxnuxi7o42OrZgF/ZTNcsZj6nRKyUmkhLFq8CHItp/fy6hQZuZmP/n3yZ9VBUbp4zz/mX8hmYPw==",
      "dependencies": {
        "core-util-is": "~1.0.0",
        "inherits": "~2.0.3",
        "isarray": "~1.0.0",
        "process-nextick-args": "~2.0.0",
        "safe-buffer": "~5.1.1",
        "string_decoder": "~1.1.1",
        "util-deprecate": "~1.0.1"
      }
    },
    "node_modules/safe-buffer": {
      "version": "5.1.2",
      "resolved": "https://registry.npmjs.org/safe-buffer/-/safe-buffer-5.1.2.tgz",
      "integrity": "sha512-Gd2UZBJDkXlY7GbJxfsE8/nvKkUEU1G38c1siN6QP6a9PT9MmHB8GnpscSmMJSoF8LOIrt8ud/wPtojys4G6+g=="
    },
    "node_modules/string_decoder": {
      "version": "1.1.1",
      "resolved": "https://registry.npmjs.org/string_decoder/-/string_decoder-1.1.1.tgz",
      "integrity": "sha512-n/ShnvDi6FHbbVfviro+WojiFzv+s8MPMHBczVePfUpDJLwoLT0ht1l4YwBCbi8pJAveEEdnkHyPyTP/mzRfwg==",
      "dependencies": {
        "safe-buffer": "~5.1.0"
      }
    },
    "node_modules/util-deprecate": {
      "version": "1.0.2",
      "resolved": "https://registry.npmjs.org/util-deprecate/-/util-deprecate-1.0.2.tgz",
      "integrity": "sha1-RQ1Nyfpw3nMnYvvS1KKJgUGaDM8="
    }
  },
  "dependencies": {
    "core-util-is": {
      "version": "1.0.2",
      "resolved": "https://registry.npmjs.org/core-util-is/-/core-util-is-1.0.2.tgz",
      "integrity": "sha1-tf1UIgqivFq1eqtxQMlAdUUDwac="
    },
    "indento": {
      "version": "1.1.13",
      "resolved": "https://registry.npmjs.org/indento/-/indento-1.1.13.tgz",
      "integrity": "sha512-YZWk3mreBEM7sBPddsiQnW9Z8SGg/gNpFfscJq00HCDS7pxcQWWWMSVKJU7YkTRyDu1Zv2s8zaK8gQWKmCXHlg=="
    },
    "inherits": {
      "version": "2.0.4",
      "resolved": "https://registry.npmjs.org/inherits/-/inherits-2.0.4.tgz",
      "integrity": "sha512-k/vGaX4/Yla3WzyMCvTQOXYeIHvqOKtnqBduzTHpzpQZzAskKMhZ2K+EnBiSM9zGSoIFeMpXKxa4dYeZIQqewQ=="
    },
    "isarray": {
      "version": "1.0.0",
      "resolved": "https://registry.npmjs.org/isarray/-/isarray-1.0.0.tgz",
      "integrity": "sha1-u5NdSFgsuhaMBoNJV6VKPgcSTxE="
    },
    "json2md": {
      "version": "1.11.0",
      "resolved": "https://registry.npmjs.org/json2md/-/json2md-1.11.0.tgz",
      "integrity": "sha512-RhmW8ZpnEHxLaRJ9r9FeOYZys4p0j9OYMgkrkaJiO4Kgus2IWG/iTPTApwiiw7tLtyYj9cpztwmNYkAH0BtYDQ==",
      "requires": {
        "indento": "^1.1.7"
      }
    },
    "merge-files": {
      "version": "0.1.2",
      "resolved": "https://registry.npmjs.org/merge-files/-/merge-files-0.1.2.tgz",
      "integrity": "sha512-WTvtH6ZwVy1/scvp1M+Re6PVni87QTjpSLAwxh0L+PlYIxc4VGFFpLjvP7jdJ43gaJ5n+RUIriJ6wKqmqvVVmg==",
      "requires": {
        "multistream": "^2.1.0"
      }
    },
    "multistream": {
      "version": "2.1.1",
      "resolved": "https://registry.npmjs.org/multistream/-/multistream-2.1.1.tgz",
      "integrity": "sha512-xasv76hl6nr1dEy3lPvy7Ej7K/Lx3O/FCvwge8PeVJpciPPoNCbaANcNiBug3IpdvTveZUcAV0DJzdnUDMesNQ==",
      "requires": {
        "inherits": "^2.0.1",
        "readable-stream": "^2.0.5"
      }
    },
    "node-fetch": {
      "version": "2.6.1",
      "resolved": "https://registry.npmjs.org/node-fetch/-/node-fetch-2.6.1.tgz",
      "integrity": "sha512-V4aYg89jEoVRxRb2fJdAg8FHvI7cEyYdVAh94HH0UIK8oJxUfkjlDQN9RbMx+bEjP7+ggMiFRprSti032Oipxw=="
    },
    "process-nextick-args": {
      "version": "2.0.1",
      "resolved": "https://registry.npmjs.org/process-nextick-args/-/process-nextick-args-2.0.1.tgz",
      "integrity": "sha512-3ouUOpQhtgrbOa17J7+uxOTpITYWaGP7/AhoR3+A+/1e9skrzelGi/dXzEYyvbxubEF6Wn2ypscTKiKJFFn1ag=="
    },
    "readable-stream": {
      "version": "2.3.7",
      "resolved": "https://registry.npmjs.org/readable-stream/-/readable-stream-2.3.7.tgz",
      "integrity": "sha512-Ebho8K4jIbHAxnuxi7o42OrZgF/ZTNcsZj6nRKyUmkhLFq8CHItp/fy6hQZuZmP/n3yZ9VBUbp4zz/mX8hmYPw==",
      "requires": {
        "core-util-is": "~1.0.0",
        "inherits": "~2.0.3",
        "isarray": "~1.0.0",
        "process-nextick-args": "~2.0.0",
        "safe-buffer": "~5.1.1",
        "string_decoder": "~1.1.1",
        "util-deprecate": "~1.0.1"
      }
    },
    "safe-buffer": {
      "version": "5.1.2",
      "resolved": "https://registry.npmjs.org/safe-buffer/-/safe-buffer-5.1.2.tgz",
      "integrity": "sha512-Gd2UZBJDkXlY7GbJxfsE8/nvKkUEU1G38c1siN6QP6a9PT9MmHB8GnpscSmMJSoF8LOIrt8ud/wPtojys4G6+g=="
    },
    "string_decoder": {
      "version": "1.1.1",
      "resolved": "https://registry.npmjs.org/string_decoder/-/string_decoder-1.1.1.tgz",
      "integrity": "sha512-n/ShnvDi6FHbbVfviro+WojiFzv+s8MPMHBczVePfUpDJLwoLT0ht1l4YwBCbi8pJAveEEdnkHyPyTP/mzRfwg==",
      "requires": {
        "safe-buffer": "~5.1.0"
      }
    },
    "util-deprecate": {
      "version": "1.0.2",
      "resolved": "https://registry.npmjs.org/util-deprecate/-/util-deprecate-1.0.2.tgz",
      "integrity": "sha1-RQ1Nyfpw3nMnYvvS1KKJgUGaDM8="
    }
  }
}
