{
  "name": "obsidian-community-list",
  "version": "1.0.0",
  "lockfileVersion": 2,
  "requires": true,
  "packages": {
    "": {
      "name": "obsidian-community-list",
      "version": "1.0.0",
      "license": "MIT",
      "dependencies": {
        "json-to-markdown-table": "^1.0.0",
        "node-fetch": "^2.6.1"
      }
    },
    "node_modules/json-to-markdown-table": {
      "version": "1.0.0",
      "resolved": "https://registry.npmjs.org/json-to-markdown-table/-/json-to-markdown-table-1.0.0.tgz",
      "integrity": "sha1-Kzxq9VDWQsHXJ1O8Aba5PcQLezk=",
      "dependencies": {
        "lodash": "^4.16.4"
      }
    },
    "node_modules/lodash": {
      "version": "4.17.21",
      "resolved": "https://registry.npmjs.org/lodash/-/lodash-4.17.21.tgz",
      "integrity": "sha512-v2kDEe57lecTulaDIuNTPy3Ry4gLGJ6Z1O3vE1krgXZNrsQ+LFTGHVxVjcXPs17LhbZVGedAJv8XZ1tvj5FvSg=="
    },
    "node_modules/node-fetch": {
      "version": "2.6.1",
      "resolved": "https://registry.npmjs.org/node-fetch/-/node-fetch-2.6.1.tgz",
      "integrity": "sha512-V4aYg89jEoVRxRb2fJdAg8FHvI7cEyYdVAh94HH0UIK8oJxUfkjlDQN9RbMx+bEjP7+ggMiFRprSti032Oipxw==",
      "engines": {
        "node": "4.x || >=6.0.0"
      }
    }
  },
  "dependencies": {
    "json-to-markdown-table": {
      "version": "1.0.0",
      "resolved": "https://registry.npmjs.org/json-to-markdown-table/-/json-to-markdown-table-1.0.0.tgz",
      "integrity": "sha1-Kzxq9VDWQsHXJ1O8Aba5PcQLezk=",
      "requires": {
        "lodash": "^4.16.4"
      }
    },
    "lodash": {
      "version": "4.17.21",
      "resolved": "https://registry.npmjs.org/lodash/-/lodash-4.17.21.tgz",
      "integrity": "sha512-v2kDEe57lecTulaDIuNTPy3Ry4gLGJ6Z1O3vE1krgXZNrsQ+LFTGHVxVjcXPs17LhbZVGedAJv8XZ1tvj5FvSg=="
    },
    "node-fetch": {
      "version": "2.6.1",
      "resolved": "https://registry.npmjs.org/node-fetch/-/node-fetch-2.6.1.tgz",
      "integrity": "sha512-V4aYg89jEoVRxRb2fJdAg8FHvI7cEyYdVAh94HH0UIK8oJxUfkjlDQN9RbMx+bEjP7+ggMiFRprSti032Oipxw=="
    }
  }
}
